
Microsoft Visual Studio Solution File, Format Version 12.00
# Visual Studio 15
VisualStudioVersion = 15.0.28307.329
MinimumVisualStudioVersion = 10.0.40219.1
Project("{2150E333-8FDC-42A3-9474-1A3956D46DE8}") = "Web", "Web", "{EA433F5B-D135-4873-B27A-B68D218E185C}"
EndProject
Project("{2150E333-8FDC-42A3-9474-1A3956D46DE8}") = "DAL", "DAL", "{5BFDFB4D-53B6-4B67-AB3F-CF2CAD9996B3}"
EndProject
Project("{2150E333-8FDC-42A3-9474-1A3956D46DE8}") = "Tetsts", "Tetsts", "{5CFAC3BE-3A10-454A-B983-668056C8C265}"
EndProject
Project("{2150E333-8FDC-42A3-9474-1A3956D46DE8}") = "Common", "Common", "{36217412-36EF-4566-94B6-9E9A212761C8}"
EndProject
Project("{9A19103F-16F7-4668-BE54-9A1E7A4F7556}") = "Iris.Rms.Web.Host", "Web\Iris.Rms.Web.Host\Iris.Rms.Web.Host.csproj", "{1297B0B7-BABA-478B-9341-BE460FE7C392}"
EndProject
Project("{2150E333-8FDC-42A3-9474-1A3956D46DE8}") = "Services", "Services", "{E2D2D29A-6F09-4C7D-A713-FC1D77614A24}"
EndProject
Project("{9A19103F-16F7-4668-BE54-9A1E7A4F7556}") = "Iris.Rms.Service", "Services\Iris.Rms.Service\Iris.Rms.Service.csproj", "{B74652F4-8F73-425D-A3BE-11EEA9B891A8}"
EndProject
Project("{9A19103F-16F7-4668-BE54-9A1E7A4F7556}") = "Iris.Rms.Interfaces", "Common\Iris.Rms.Interfaces\Iris.Rms.Interfaces.csproj", "{CCBA8109-5A40-4343-AB76-0DD74FA4107F}"
EndProject
Project("{9A19103F-16F7-4668-BE54-9A1E7A4F7556}") = "Iris.Rms.Models", "Common\Iris.Rms.Models\Iris.Rms.Models.csproj", "{A8E3CAE4-1D7E-44E6-957E-F19FADF582F3}"
EndProject
Project("{9A19103F-16F7-4668-BE54-9A1E7A4F7556}") = "Iris.Rms.Data", "DAL\Iris.Rms.Data\Iris.Rms.Data.csproj", "{85A949AB-E68E-4B17-8948-A870E10B6AD5}"
EndProject
Project("{9A19103F-16F7-4668-BE54-9A1E7A4F7556}") = "Zeroconf", "Services\Zeroconf\Zeroconf.csproj", "{ABDC4967-588E-484F-A97A-7523EDBDBF10}"
EndProject
Project("{FAE04EC0-301F-11D3-BF4B-00C04F79EFBC}") = "Iris.Rms.Tests.ZeroConfConsole", "Tests\Iris.Rms.Tests.ZeroConfConsole\Iris.Rms.Tests.ZeroConfConsole.csproj", "{7A8A00F2-79AB-45D1-9EB4-618C550C5CA7}"
EndProject
Project("{FAE04EC0-301F-11D3-BF4B-00C04F79EFBC}") = "Iris.Rms.Voice", "Services\Iris.Rms.Voice\Iris.Rms.Voice.csproj", "{BDE84409-FC4E-4111-BDFF-AB44A337D649}"
EndProject
Global
	GlobalSection(SolutionConfigurationPlatforms) = preSolution
		Debug|Any CPU = Debug|Any CPU
		Release|Any CPU = Release|Any CPU
	EndGlobalSection
	GlobalSection(ProjectConfigurationPlatforms) = postSolution
		{1297B0B7-BABA-478B-9341-BE460FE7C392}.Debug|Any CPU.ActiveCfg = Debug|Any CPU
		{1297B0B7-BABA-478B-9341-BE460FE7C392}.Debug|Any CPU.Build.0 = Debug|Any CPU
		{1297B0B7-BABA-478B-9341-BE460FE7C392}.Release|Any CPU.ActiveCfg = Release|Any CPU
		{1297B0B7-BABA-478B-9341-BE460FE7C392}.Release|Any CPU.Build.0 = Release|Any CPU
		{B74652F4-8F73-425D-A3BE-11EEA9B891A8}.Debug|Any CPU.ActiveCfg = Debug|Any CPU
		{B74652F4-8F73-425D-A3BE-11EEA9B891A8}.Debug|Any CPU.Build.0 = Debug|Any CPU
		{B74652F4-8F73-425D-A3BE-11EEA9B891A8}.Release|Any CPU.ActiveCfg = Release|Any CPU
		{B74652F4-8F73-425D-A3BE-11EEA9B891A8}.Release|Any CPU.Build.0 = Release|Any CPU
		{CCBA8109-5A40-4343-AB76-0DD74FA4107F}.Debug|Any CPU.ActiveCfg = Debug|Any CPU
		{CCBA8109-5A40-4343-AB76-0DD74FA4107F}.Debug|Any CPU.Build.0 = Debug|Any CPU
		{CCBA8109-5A40-4343-AB76-0DD74FA4107F}.Release|Any CPU.ActiveCfg = Release|Any CPU
		{CCBA8109-5A40-4343-AB76-0DD74FA4107F}.Release|Any CPU.Build.0 = Release|Any CPU
		{A8E3CAE4-1D7E-44E6-957E-F19FADF582F3}.Debug|Any CPU.ActiveCfg = Debug|Any CPU
		{A8E3CAE4-1D7E-44E6-957E-F19FADF582F3}.Debug|Any CPU.Build.0 = Debug|Any CPU
		{A8E3CAE4-1D7E-44E6-957E-F19FADF582F3}.Release|Any CPU.ActiveCfg = Release|Any CPU
		{A8E3CAE4-1D7E-44E6-957E-F19FADF582F3}.Release|Any CPU.Build.0 = Release|Any CPU
		{85A949AB-E68E-4B17-8948-A870E10B6AD5}.Debug|Any CPU.ActiveCfg = Debug|Any CPU
		{85A949AB-E68E-4B17-8948-A870E10B6AD5}.Debug|Any CPU.Build.0 = Debug|Any CPU
		{85A949AB-E68E-4B17-8948-A870E10B6AD5}.Release|Any CPU.ActiveCfg = Release|Any CPU
		{85A949AB-E68E-4B17-8948-A870E10B6AD5}.Release|Any CPU.Build.0 = Release|Any CPU
		{ABDC4967-588E-484F-A97A-7523EDBDBF10}.Debug|Any CPU.ActiveCfg = Debug|Any CPU
		{ABDC4967-588E-484F-A97A-7523EDBDBF10}.Debug|Any CPU.Build.0 = Debug|Any CPU
		{ABDC4967-588E-484F-A97A-7523EDBDBF10}.Release|Any CPU.ActiveCfg = Release|Any CPU
		{ABDC4967-588E-484F-A97A-7523EDBDBF10}.Release|Any CPU.Build.0 = Release|Any CPU
		{7A8A00F2-79AB-45D1-9EB4-618C550C5CA7}.Debug|Any CPU.ActiveCfg = Debug|Any CPU
		{7A8A00F2-79AB-45D1-9EB4-618C550C5CA7}.Debug|Any CPU.Build.0 = Debug|Any CPU
		{7A8A00F2-79AB-45D1-9EB4-618C550C5CA7}.Release|Any CPU.ActiveCfg = Release|Any CPU
		{7A8A00F2-79AB-45D1-9EB4-618C550C5CA7}.Release|Any CPU.Build.0 = Release|Any CPU
		{BDE84409-FC4E-4111-BDFF-AB44A337D649}.Debug|Any CPU.ActiveCfg = Debug|Any CPU
		{BDE84409-FC4E-4111-BDFF-AB44A337D649}.Debug|Any CPU.Build.0 = Debug|Any CPU
		{BDE84409-FC4E-4111-BDFF-AB44A337D649}.Release|Any CPU.ActiveCfg = Release|Any CPU
		{BDE84409-FC4E-4111-BDFF-AB44A337D649}.Release|Any CPU.Build.0 = Release|Any CPU
	EndGlobalSection
	GlobalSection(SolutionProperties) = preSolution
		HideSolutionNode = FALSE
	EndGlobalSection
	GlobalSection(NestedProjects) = preSolution
		{1297B0B7-BABA-478B-9341-BE460FE7C392} = {EA433F5B-D135-4873-B27A-B68D218E185C}
		{B74652F4-8F73-425D-A3BE-11EEA9B891A8} = {E2D2D29A-6F09-4C7D-A713-FC1D77614A24}
		{CCBA8109-5A40-4343-AB76-0DD74FA4107F} = {36217412-36EF-4566-94B6-9E9A212761C8}
		{A8E3CAE4-1D7E-44E6-957E-F19FADF582F3} = {36217412-36EF-4566-94B6-9E9A212761C8}
		{85A949AB-E68E-4B17-8948-A870E10B6AD5} = {5BFDFB4D-53B6-4B67-AB3F-CF2CAD9996B3}
		{ABDC4967-588E-484F-A97A-7523EDBDBF10} = {E2D2D29A-6F09-4C7D-A713-FC1D77614A24}
		{7A8A00F2-79AB-45D1-9EB4-618C550C5CA7} = {5CFAC3BE-3A10-454A-B983-668056C8C265}
		{BDE84409-FC4E-4111-BDFF-AB44A337D649} = {E2D2D29A-6F09-4C7D-A713-FC1D77614A24}
	EndGlobalSection
	GlobalSection(ExtensibilityGlobals) = postSolution
		SolutionGuid = {EBDB4343-050D-4C09-9D28-271DD594F513}
	EndGlobalSection
EndGlobal
